
Microsoft Visual Studio Solution File, Format Version 12.00
# Visual Studio Version 16
VisualStudioVersion = 16.0.29721.120
MinimumVisualStudioVersion = 10.0.40219.1
Project("{FAE04EC0-301F-11D3-BF4B-00C04F79EFBC}") = "Soccer.Common", "Soccer.Common\Soccer.Common.csproj", "{90B7565D-E365-4147-9608-81A9B7CD1A10}"
EndProject
Project("{FAE04EC0-301F-11D3-BF4B-00C04F79EFBC}") = "Soccer.Web", "Soccre.Web\Soccer.Web.csproj", "{DA2F9203-871D-432E-B344-B0031F3A625B}"
EndProject
Project("{FAE04EC0-301F-11D3-BF4B-00C04F79EFBC}") = "Soccer.Prism", "Soccer.Prism\Soccer.Prism\Soccer.Prism.csproj", "{93E65E77-E608-458B-9DA2-CC5687DAACA1}"
EndProject
Project("{FAE04EC0-301F-11D3-BF4B-00C04F79EFBC}") = "Soccer.Prism.Android", "Soccer.Prism\Soccer.Prism.Android\Soccer.Prism.Android.csproj", "{8E61E6D4-5255-40A9-ACB8-FF87FD6D06FD}"
EndProject
Project("{FAE04EC0-301F-11D3-BF4B-00C04F79EFBC}") = "Soccer.Prism.iOS", "Soccer.Prism\Soccer.Prism.iOS\Soccer.Prism.iOS.csproj", "{63A9AE0E-1A85-4444-8BFA-187894B568A1}"
EndProject
Project("{FAE04EC0-301F-11D3-BF4B-00C04F79EFBC}") = "Soccer.Cross.Android", "Soccer.Cross.Android\Soccer.Cross.Android.csproj", "{D9BC92A1-5B2B-45A2-9EDA-E3539BD654AC}"
EndProject
Project("{FAE04EC0-301F-11D3-BF4B-00C04F79EFBC}") = "Soccer.Cross.iOS", "Soccer.Cross.iOS\Soccer.Cross.iOS.csproj", "{B6407EAB-08B8-4B84-98CF-55BF9FCF6EFF}"
EndProject
Global
	GlobalSection(SolutionConfigurationPlatforms) = preSolution
		Ad-Hoc|Any CPU = Ad-Hoc|Any CPU
		Ad-Hoc|iPhone = Ad-Hoc|iPhone
		Ad-Hoc|iPhoneSimulator = Ad-Hoc|iPhoneSimulator
		AppStore|Any CPU = AppStore|Any CPU
		AppStore|iPhone = AppStore|iPhone
		AppStore|iPhoneSimulator = AppStore|iPhoneSimulator
		Debug|Any CPU = Debug|Any CPU
		Debug|iPhone = Debug|iPhone
		Debug|iPhoneSimulator = Debug|iPhoneSimulator
		Release|Any CPU = Release|Any CPU
		Release|iPhone = Release|iPhone
		Release|iPhoneSimulator = Release|iPhoneSimulator
	EndGlobalSection
	GlobalSection(ProjectConfigurationPlatforms) = postSolution
		{90B7565D-E365-4147-9608-81A9B7CD1A10}.Ad-Hoc|Any CPU.ActiveCfg = Debug|Any CPU
		{90B7565D-E365-4147-9608-81A9B7CD1A10}.Ad-Hoc|Any CPU.Build.0 = Debug|Any CPU
		{90B7565D-E365-4147-9608-81A9B7CD1A10}.Ad-Hoc|iPhone.ActiveCfg = Debug|Any CPU
		{90B7565D-E365-4147-9608-81A9B7CD1A10}.Ad-Hoc|iPhone.Build.0 = Debug|Any CPU
		{90B7565D-E365-4147-9608-81A9B7CD1A10}.Ad-Hoc|iPhoneSimulator.ActiveCfg = Debug|Any CPU
		{90B7565D-E365-4147-9608-81A9B7CD1A10}.Ad-Hoc|iPhoneSimulator.Build.0 = Debug|Any CPU
		{90B7565D-E365-4147-9608-81A9B7CD1A10}.AppStore|Any CPU.ActiveCfg = Debug|Any CPU
		{90B7565D-E365-4147-9608-81A9B7CD1A10}.AppStore|Any CPU.Build.0 = Debug|Any CPU
		{90B7565D-E365-4147-9608-81A9B7CD1A10}.AppStore|iPhone.ActiveCfg = Debug|Any CPU
		{90B7565D-E365-4147-9608-81A9B7CD1A10}.AppStore|iPhone.Build.0 = Debug|Any CPU
		{90B7565D-E365-4147-9608-81A9B7CD1A10}.AppStore|iPhoneSimulator.ActiveCfg = Debug|Any CPU
		{90B7565D-E365-4147-9608-81A9B7CD1A10}.AppStore|iPhoneSimulator.Build.0 = Debug|Any CPU
		{90B7565D-E365-4147-9608-81A9B7CD1A10}.Debug|Any CPU.ActiveCfg = Debug|Any CPU
		{90B7565D-E365-4147-9608-81A9B7CD1A10}.Debug|Any CPU.Build.0 = Debug|Any CPU
		{90B7565D-E365-4147-9608-81A9B7CD1A10}.Debug|iPhone.ActiveCfg = Debug|Any CPU
		{90B7565D-E365-4147-9608-81A9B7CD1A10}.Debug|iPhone.Build.0 = Debug|Any CPU
		{90B7565D-E365-4147-9608-81A9B7CD1A10}.Debug|iPhoneSimulator.ActiveCfg = Debug|Any CPU
		{90B7565D-E365-4147-9608-81A9B7CD1A10}.Debug|iPhoneSimulator.Build.0 = Debug|Any CPU
		{90B7565D-E365-4147-9608-81A9B7CD1A10}.Release|Any CPU.ActiveCfg = Release|Any CPU
		{90B7565D-E365-4147-9608-81A9B7CD1A10}.Release|Any CPU.Build.0 = Release|Any CPU
		{90B7565D-E365-4147-9608-81A9B7CD1A10}.Release|iPhone.ActiveCfg = Release|Any CPU
		{90B7565D-E365-4147-9608-81A9B7CD1A10}.Release|iPhone.Build.0 = Release|Any CPU
		{90B7565D-E365-4147-9608-81A9B7CD1A10}.Release|iPhoneSimulator.ActiveCfg = Release|Any CPU
		{90B7565D-E365-4147-9608-81A9B7CD1A10}.Release|iPhoneSimulator.Build.0 = Release|Any CPU
		{DA2F9203-871D-432E-B344-B0031F3A625B}.Ad-Hoc|Any CPU.ActiveCfg = Debug|Any CPU
		{DA2F9203-871D-432E-B344-B0031F3A625B}.Ad-Hoc|Any CPU.Build.0 = Debug|Any CPU
		{DA2F9203-871D-432E-B344-B0031F3A625B}.Ad-Hoc|iPhone.ActiveCfg = Debug|Any CPU
		{DA2F9203-871D-432E-B344-B0031F3A625B}.Ad-Hoc|iPhone.Build.0 = Debug|Any CPU
		{DA2F9203-871D-432E-B344-B0031F3A625B}.Ad-Hoc|iPhoneSimulator.ActiveCfg = Debug|Any CPU
		{DA2F9203-871D-432E-B344-B0031F3A625B}.Ad-Hoc|iPhoneSimulator.Build.0 = Debug|Any CPU
		{DA2F9203-871D-432E-B344-B0031F3A625B}.AppStore|Any CPU.ActiveCfg = Debug|Any CPU
		{DA2F9203-871D-432E-B344-B0031F3A625B}.AppStore|Any CPU.Build.0 = Debug|Any CPU
		{DA2F9203-871D-432E-B344-B0031F3A625B}.AppStore|iPhone.ActiveCfg = Debug|Any CPU
		{DA2F9203-871D-432E-B344-B0031F3A625B}.AppStore|iPhone.Build.0 = Debug|Any CPU
		{DA2F9203-871D-432E-B344-B0031F3A625B}.AppStore|iPhoneSimulator.ActiveCfg = Debug|Any CPU
		{DA2F9203-871D-432E-B344-B0031F3A625B}.AppStore|iPhoneSimulator.Build.0 = Debug|Any CPU
		{DA2F9203-871D-432E-B344-B0031F3A625B}.Debug|Any CPU.ActiveCfg = Debug|Any CPU
		{DA2F9203-871D-432E-B344-B0031F3A625B}.Debug|Any CPU.Build.0 = Debug|Any CPU
		{DA2F9203-871D-432E-B344-B0031F3A625B}.Debug|iPhone.ActiveCfg = Debug|Any CPU
		{DA2F9203-871D-432E-B344-B0031F3A625B}.Debug|iPhone.Build.0 = Debug|Any CPU
		{DA2F9203-871D-432E-B344-B0031F3A625B}.Debug|iPhoneSimulator.ActiveCfg = Debug|Any CPU
		{DA2F9203-871D-432E-B344-B0031F3A625B}.Debug|iPhoneSimulator.Build.0 = Debug|Any CPU
		{DA2F9203-871D-432E-B344-B0031F3A625B}.Release|Any CPU.ActiveCfg = Release|Any CPU
		{DA2F9203-871D-432E-B344-B0031F3A625B}.Release|Any CPU.Build.0 = Release|Any CPU
		{DA2F9203-871D-432E-B344-B0031F3A625B}.Release|iPhone.ActiveCfg = Release|Any CPU
		{DA2F9203-871D-432E-B344-B0031F3A625B}.Release|iPhone.Build.0 = Release|Any CPU
		{DA2F9203-871D-432E-B344-B0031F3A625B}.Release|iPhoneSimulator.ActiveCfg = Release|Any CPU
		{DA2F9203-871D-432E-B344-B0031F3A625B}.Release|iPhoneSimulator.Build.0 = Release|Any CPU
		{93E65E77-E608-458B-9DA2-CC5687DAACA1}.Ad-Hoc|Any CPU.ActiveCfg = Debug|Any CPU
		{93E65E77-E608-458B-9DA2-CC5687DAACA1}.Ad-Hoc|Any CPU.Build.0 = Debug|Any CPU
		{93E65E77-E608-458B-9DA2-CC5687DAACA1}.Ad-Hoc|iPhone.ActiveCfg = Debug|Any CPU
		{93E65E77-E608-458B-9DA2-CC5687DAACA1}.Ad-Hoc|iPhone.Build.0 = Debug|Any CPU
		{93E65E77-E608-458B-9DA2-CC5687DAACA1}.Ad-Hoc|iPhoneSimulator.ActiveCfg = Debug|Any CPU
		{93E65E77-E608-458B-9DA2-CC5687DAACA1}.Ad-Hoc|iPhoneSimulator.Build.0 = Debug|Any CPU
		{93E65E77-E608-458B-9DA2-CC5687DAACA1}.AppStore|Any CPU.ActiveCfg = Debug|Any CPU
		{93E65E77-E608-458B-9DA2-CC5687DAACA1}.AppStore|Any CPU.Build.0 = Debug|Any CPU
		{93E65E77-E608-458B-9DA2-CC5687DAACA1}.AppStore|iPhone.ActiveCfg = Debug|Any CPU
		{93E65E77-E608-458B-9DA2-CC5687DAACA1}.AppStore|iPhone.Build.0 = Debug|Any CPU
		{93E65E77-E608-458B-9DA2-CC5687DAACA1}.AppStore|iPhoneSimulator.ActiveCfg = Debug|Any CPU
		{93E65E77-E608-458B-9DA2-CC5687DAACA1}.AppStore|iPhoneSimulator.Build.0 = Debug|Any CPU
		{93E65E77-E608-458B-9DA2-CC5687DAACA1}.Debug|Any CPU.ActiveCfg = Debug|Any CPU
		{93E65E77-E608-458B-9DA2-CC5687DAACA1}.Debug|Any CPU.Build.0 = Debug|Any CPU
		{93E65E77-E608-458B-9DA2-CC5687DAACA1}.Debug|iPhone.ActiveCfg = Debug|Any CPU
		{93E65E77-E608-458B-9DA2-CC5687DAACA1}.Debug|iPhone.Build.0 = Debug|Any CPU
		{93E65E77-E608-458B-9DA2-CC5687DAACA1}.Debug|iPhoneSimulator.ActiveCfg = Debug|Any CPU
		{93E65E77-E608-458B-9DA2-CC5687DAACA1}.Debug|iPhoneSimulator.Build.0 = Debug|Any CPU
		{93E65E77-E608-458B-9DA2-CC5687DAACA1}.Release|Any CPU.ActiveCfg = Release|Any CPU
		{93E65E77-E608-458B-9DA2-CC5687DAACA1}.Release|Any CPU.Build.0 = Release|Any CPU
		{93E65E77-E608-458B-9DA2-CC5687DAACA1}.Release|iPhone.ActiveCfg = Release|Any CPU
		{93E65E77-E608-458B-9DA2-CC5687DAACA1}.Release|iPhone.Build.0 = Release|Any CPU
		{93E65E77-E608-458B-9DA2-CC5687DAACA1}.Release|iPhoneSimulator.ActiveCfg = Release|Any CPU
		{93E65E77-E608-458B-9DA2-CC5687DAACA1}.Release|iPhoneSimulator.Build.0 = Release|Any CPU
		{8E61E6D4-5255-40A9-ACB8-FF87FD6D06FD}.Ad-Hoc|Any CPU.ActiveCfg = Release|Any CPU
		{8E61E6D4-5255-40A9-ACB8-FF87FD6D06FD}.Ad-Hoc|Any CPU.Build.0 = Release|Any CPU
		{8E61E6D4-5255-40A9-ACB8-FF87FD6D06FD}.Ad-Hoc|Any CPU.Deploy.0 = Release|Any CPU
		{8E61E6D4-5255-40A9-ACB8-FF87FD6D06FD}.Ad-Hoc|iPhone.ActiveCfg = Release|Any CPU
		{8E61E6D4-5255-40A9-ACB8-FF87FD6D06FD}.Ad-Hoc|iPhone.Build.0 = Release|Any CPU
		{8E61E6D4-5255-40A9-ACB8-FF87FD6D06FD}.Ad-Hoc|iPhone.Deploy.0 = Release|Any CPU
		{8E61E6D4-5255-40A9-ACB8-FF87FD6D06FD}.Ad-Hoc|iPhoneSimulator.ActiveCfg = Release|Any CPU
		{8E61E6D4-5255-40A9-ACB8-FF87FD6D06FD}.Ad-Hoc|iPhoneSimulator.Build.0 = Release|Any CPU
		{8E61E6D4-5255-40A9-ACB8-FF87FD6D06FD}.Ad-Hoc|iPhoneSimulator.Deploy.0 = Release|Any CPU
		{8E61E6D4-5255-40A9-ACB8-FF87FD6D06FD}.AppStore|Any CPU.ActiveCfg = Release|Any CPU
		{8E61E6D4-5255-40A9-ACB8-FF87FD6D06FD}.AppStore|Any CPU.Build.0 = Release|Any CPU
		{8E61E6D4-5255-40A9-ACB8-FF87FD6D06FD}.AppStore|Any CPU.Deploy.0 = Release|Any CPU
		{8E61E6D4-5255-40A9-ACB8-FF87FD6D06FD}.AppStore|iPhone.ActiveCfg = Release|Any CPU
		{8E61E6D4-5255-40A9-ACB8-FF87FD6D06FD}.AppStore|iPhone.Build.0 = Release|Any CPU
		{8E61E6D4-5255-40A9-ACB8-FF87FD6D06FD}.AppStore|iPhone.Deploy.0 = Release|Any CPU
		{8E61E6D4-5255-40A9-ACB8-FF87FD6D06FD}.AppStore|iPhoneSimulator.ActiveCfg = Release|Any CPU
		{8E61E6D4-5255-40A9-ACB8-FF87FD6D06FD}.AppStore|iPhoneSimulator.Build.0 = Release|Any CPU
		{8E61E6D4-5255-40A9-ACB8-FF87FD6D06FD}.AppStore|iPhoneSimulator.Deploy.0 = Release|Any CPU
		{8E61E6D4-5255-40A9-ACB8-FF87FD6D06FD}.Debug|Any CPU.ActiveCfg = Debug|Any CPU
		{8E61E6D4-5255-40A9-ACB8-FF87FD6D06FD}.Debug|Any CPU.Build.0 = Debug|Any CPU
		{8E61E6D4-5255-40A9-ACB8-FF87FD6D06FD}.Debug|Any CPU.Deploy.0 = Debug|Any CPU
		{8E61E6D4-5255-40A9-ACB8-FF87FD6D06FD}.Debug|iPhone.ActiveCfg = Debug|Any CPU
		{8E61E6D4-5255-40A9-ACB8-FF87FD6D06FD}.Debug|iPhone.Build.0 = Debug|Any CPU
		{8E61E6D4-5255-40A9-ACB8-FF87FD6D06FD}.Debug|iPhone.Deploy.0 = Debug|Any CPU
		{8E61E6D4-5255-40A9-ACB8-FF87FD6D06FD}.Debug|iPhoneSimulator.ActiveCfg = Debug|Any CPU
		{8E61E6D4-5255-40A9-ACB8-FF87FD6D06FD}.Debug|iPhoneSimulator.Build.0 = Debug|Any CPU
		{8E61E6D4-5255-40A9-ACB8-FF87FD6D06FD}.Debug|iPhoneSimulator.Deploy.0 = Debug|Any CPU
		{8E61E6D4-5255-40A9-ACB8-FF87FD6D06FD}.Release|Any CPU.ActiveCfg = Release|Any CPU
		{8E61E6D4-5255-40A9-ACB8-FF87FD6D06FD}.Release|Any CPU.Build.0 = Release|Any CPU
		{8E61E6D4-5255-40A9-ACB8-FF87FD6D06FD}.Release|Any CPU.Deploy.0 = Release|Any CPU
		{8E61E6D4-5255-40A9-ACB8-FF87FD6D06FD}.Release|iPhone.ActiveCfg = Release|Any CPU
		{8E61E6D4-5255-40A9-ACB8-FF87FD6D06FD}.Release|iPhone.Build.0 = Release|Any CPU
		{8E61E6D4-5255-40A9-ACB8-FF87FD6D06FD}.Release|iPhone.Deploy.0 = Release|Any CPU
		{8E61E6D4-5255-40A9-ACB8-FF87FD6D06FD}.Release|iPhoneSimulator.ActiveCfg = Release|Any CPU
		{8E61E6D4-5255-40A9-ACB8-FF87FD6D06FD}.Release|iPhoneSimulator.Build.0 = Release|Any CPU
		{8E61E6D4-5255-40A9-ACB8-FF87FD6D06FD}.Release|iPhoneSimulator.Deploy.0 = Release|Any CPU
		{63A9AE0E-1A85-4444-8BFA-187894B568A1}.Ad-Hoc|Any CPU.ActiveCfg = Ad-Hoc|iPhone
		{63A9AE0E-1A85-4444-8BFA-187894B568A1}.Ad-Hoc|iPhone.ActiveCfg = Ad-Hoc|iPhone
		{63A9AE0E-1A85-4444-8BFA-187894B568A1}.Ad-Hoc|iPhone.Build.0 = Ad-Hoc|iPhone
		{63A9AE0E-1A85-4444-8BFA-187894B568A1}.Ad-Hoc|iPhoneSimulator.ActiveCfg = Ad-Hoc|iPhoneSimulator
		{63A9AE0E-1A85-4444-8BFA-187894B568A1}.Ad-Hoc|iPhoneSimulator.Build.0 = Ad-Hoc|iPhoneSimulator
		{63A9AE0E-1A85-4444-8BFA-187894B568A1}.AppStore|Any CPU.ActiveCfg = AppStore|iPhone
		{63A9AE0E-1A85-4444-8BFA-187894B568A1}.AppStore|iPhone.ActiveCfg = AppStore|iPhone
		{63A9AE0E-1A85-4444-8BFA-187894B568A1}.AppStore|iPhone.Build.0 = AppStore|iPhone
		{63A9AE0E-1A85-4444-8BFA-187894B568A1}.AppStore|iPhoneSimulator.ActiveCfg = AppStore|iPhoneSimulator
		{63A9AE0E-1A85-4444-8BFA-187894B568A1}.AppStore|iPhoneSimulator.Build.0 = AppStore|iPhoneSimulator
		{63A9AE0E-1A85-4444-8BFA-187894B568A1}.Debug|Any CPU.ActiveCfg = Debug|iPhone
		{63A9AE0E-1A85-4444-8BFA-187894B568A1}.Debug|iPhone.ActiveCfg = Debug|iPhone
		{63A9AE0E-1A85-4444-8BFA-187894B568A1}.Debug|iPhone.Build.0 = Debug|iPhone
		{63A9AE0E-1A85-4444-8BFA-187894B568A1}.Debug|iPhoneSimulator.ActiveCfg = Debug|iPhoneSimulator
		{63A9AE0E-1A85-4444-8BFA-187894B568A1}.Debug|iPhoneSimulator.Build.0 = Debug|iPhoneSimulator
		{63A9AE0E-1A85-4444-8BFA-187894B568A1}.Release|Any CPU.ActiveCfg = Release|iPhone
		{63A9AE0E-1A85-4444-8BFA-187894B568A1}.Release|iPhone.ActiveCfg = Release|iPhone
		{63A9AE0E-1A85-4444-8BFA-187894B568A1}.Release|iPhone.Build.0 = Release|iPhone
		{63A9AE0E-1A85-4444-8BFA-187894B568A1}.Release|iPhoneSimulator.ActiveCfg = Release|iPhoneSimulator
		{63A9AE0E-1A85-4444-8BFA-187894B568A1}.Release|iPhoneSimulator.Build.0 = Release|iPhoneSimulator
		{D9BC92A1-5B2B-45A2-9EDA-E3539BD654AC}.Ad-Hoc|Any CPU.ActiveCfg = Release|Any CPU
		{D9BC92A1-5B2B-45A2-9EDA-E3539BD654AC}.Ad-Hoc|Any CPU.Build.0 = Release|Any CPU
		{D9BC92A1-5B2B-45A2-9EDA-E3539BD654AC}.Ad-Hoc|Any CPU.Deploy.0 = Release|Any CPU
		{D9BC92A1-5B2B-45A2-9EDA-E3539BD654AC}.Ad-Hoc|iPhone.ActiveCfg = Release|Any CPU
		{D9BC92A1-5B2B-45A2-9EDA-E3539BD654AC}.Ad-Hoc|iPhone.Build.0 = Release|Any CPU
		{D9BC92A1-5B2B-45A2-9EDA-E3539BD654AC}.Ad-Hoc|iPhone.Deploy.0 = Release|Any CPU
		{D9BC92A1-5B2B-45A2-9EDA-E3539BD654AC}.Ad-Hoc|iPhoneSimulator.ActiveCfg = Release|Any CPU
		{D9BC92A1-5B2B-45A2-9EDA-E3539BD654AC}.Ad-Hoc|iPhoneSimulator.Build.0 = Release|Any CPU
		{D9BC92A1-5B2B-45A2-9EDA-E3539BD654AC}.Ad-Hoc|iPhoneSimulator.Deploy.0 = Release|Any CPU
		{D9BC92A1-5B2B-45A2-9EDA-E3539BD654AC}.AppStore|Any CPU.ActiveCfg = Release|Any CPU
		{D9BC92A1-5B2B-45A2-9EDA-E3539BD654AC}.AppStore|Any CPU.Build.0 = Release|Any CPU
		{D9BC92A1-5B2B-45A2-9EDA-E3539BD654AC}.AppStore|Any CPU.Deploy.0 = Release|Any CPU
		{D9BC92A1-5B2B-45A2-9EDA-E3539BD654AC}.AppStore|iPhone.ActiveCfg = Release|Any CPU
		{D9BC92A1-5B2B-45A2-9EDA-E3539BD654AC}.AppStore|iPhone.Build.0 = Release|Any CPU
		{D9BC92A1-5B2B-45A2-9EDA-E3539BD654AC}.AppStore|iPhone.Deploy.0 = Release|Any CPU
		{D9BC92A1-5B2B-45A2-9EDA-E3539BD654AC}.AppStore|iPhoneSimulator.ActiveCfg = Release|Any CPU
		{D9BC92A1-5B2B-45A2-9EDA-E3539BD654AC}.AppStore|iPhoneSimulator.Build.0 = Release|Any CPU
		{D9BC92A1-5B2B-45A2-9EDA-E3539BD654AC}.AppStore|iPhoneSimulator.Deploy.0 = Release|Any CPU
		{D9BC92A1-5B2B-45A2-9EDA-E3539BD654AC}.Debug|Any CPU.ActiveCfg = Debug|Any CPU
		{D9BC92A1-5B2B-45A2-9EDA-E3539BD654AC}.Debug|Any CPU.Build.0 = Debug|Any CPU
		{D9BC92A1-5B2B-45A2-9EDA-E3539BD654AC}.Debug|Any CPU.Deploy.0 = Debug|Any CPU
		{D9BC92A1-5B2B-45A2-9EDA-E3539BD654AC}.Debug|iPhone.ActiveCfg = Debug|Any CPU
		{D9BC92A1-5B2B-45A2-9EDA-E3539BD654AC}.Debug|iPhone.Build.0 = Debug|Any CPU
		{D9BC92A1-5B2B-45A2-9EDA-E3539BD654AC}.Debug|iPhone.Deploy.0 = Debug|Any CPU
		{D9BC92A1-5B2B-45A2-9EDA-E3539BD654AC}.Debug|iPhoneSimulator.ActiveCfg = Debug|Any CPU
		{D9BC92A1-5B2B-45A2-9EDA-E3539BD654AC}.Debug|iPhoneSimulator.Build.0 = Debug|Any CPU
		{D9BC92A1-5B2B-45A2-9EDA-E3539BD654AC}.Debug|iPhoneSimulator.Deploy.0 = Debug|Any CPU
		{D9BC92A1-5B2B-45A2-9EDA-E3539BD654AC}.Release|Any CPU.ActiveCfg = Release|Any CPU
		{D9BC92A1-5B2B-45A2-9EDA-E3539BD654AC}.Release|Any CPU.Build.0 = Release|Any CPU
		{D9BC92A1-5B2B-45A2-9EDA-E3539BD654AC}.Release|Any CPU.Deploy.0 = Release|Any CPU
		{D9BC92A1-5B2B-45A2-9EDA-E3539BD654AC}.Release|iPhone.ActiveCfg = Release|Any CPU
		{D9BC92A1-5B2B-45A2-9EDA-E3539BD654AC}.Release|iPhone.Build.0 = Release|Any CPU
		{D9BC92A1-5B2B-45A2-9EDA-E3539BD654AC}.Release|iPhone.Deploy.0 = Release|Any CPU
		{D9BC92A1-5B2B-45A2-9EDA-E3539BD654AC}.Release|iPhoneSimulator.ActiveCfg = Release|Any CPU
		{D9BC92A1-5B2B-45A2-9EDA-E3539BD654AC}.Release|iPhoneSimulator.Build.0 = Release|Any CPU
		{D9BC92A1-5B2B-45A2-9EDA-E3539BD654AC}.Release|iPhoneSimulator.Deploy.0 = Release|Any CPU
		{B6407EAB-08B8-4B84-98CF-55BF9FCF6EFF}.Ad-Hoc|Any CPU.ActiveCfg = Release|iPhone
		{B6407EAB-08B8-4B84-98CF-55BF9FCF6EFF}.Ad-Hoc|Any CPU.Build.0 = Release|iPhone
		{B6407EAB-08B8-4B84-98CF-55BF9FCF6EFF}.Ad-Hoc|iPhone.ActiveCfg = Release|iPhone
		{B6407EAB-08B8-4B84-98CF-55BF9FCF6EFF}.Ad-Hoc|iPhone.Build.0 = Release|iPhone
		{B6407EAB-08B8-4B84-98CF-55BF9FCF6EFF}.Ad-Hoc|iPhoneSimulator.ActiveCfg = Release|iPhoneSimulator
		{B6407EAB-08B8-4B84-98CF-55BF9FCF6EFF}.Ad-Hoc|iPhoneSimulator.Build.0 = Release|iPhoneSimulator
		{B6407EAB-08B8-4B84-98CF-55BF9FCF6EFF}.AppStore|Any CPU.ActiveCfg = Release|iPhone
		{B6407EAB-08B8-4B84-98CF-55BF9FCF6EFF}.AppStore|Any CPU.Build.0 = Release|iPhone
		{B6407EAB-08B8-4B84-98CF-55BF9FCF6EFF}.AppStore|iPhone.ActiveCfg = Release|iPhone
		{B6407EAB-08B8-4B84-98CF-55BF9FCF6EFF}.AppStore|iPhone.Build.0 = Release|iPhone
		{B6407EAB-08B8-4B84-98CF-55BF9FCF6EFF}.AppStore|iPhoneSimulator.ActiveCfg = Release|iPhoneSimulator
		{B6407EAB-08B8-4B84-98CF-55BF9FCF6EFF}.AppStore|iPhoneSimulator.Build.0 = Release|iPhoneSimulator
		{B6407EAB-08B8-4B84-98CF-55BF9FCF6EFF}.Debug|Any CPU.ActiveCfg = Debug|iPhone
		{B6407EAB-08B8-4B84-98CF-55BF9FCF6EFF}.Debug|iPhone.ActiveCfg = Debug|iPhone
		{B6407EAB-08B8-4B84-98CF-55BF9FCF6EFF}.Debug|iPhone.Build.0 = Debug|iPhone
		{B6407EAB-08B8-4B84-98CF-55BF9FCF6EFF}.Debug|iPhoneSimulator.ActiveCfg = Debug|iPhoneSimulator
		{B6407EAB-08B8-4B84-98CF-55BF9FCF6EFF}.Debug|iPhoneSimulator.Build.0 = Debug|iPhoneSimulator
		{B6407EAB-08B8-4B84-98CF-55BF9FCF6EFF}.Release|Any CPU.ActiveCfg = Release|iPhone
		{B6407EAB-08B8-4B84-98CF-55BF9FCF6EFF}.Release|iPhone.ActiveCfg = Release|iPhone
		{B6407EAB-08B8-4B84-98CF-55BF9FCF6EFF}.Release|iPhone.Build.0 = Release|iPhone
		{B6407EAB-08B8-4B84-98CF-55BF9FCF6EFF}.Release|iPhoneSimulator.ActiveCfg = Release|iPhoneSimulator
		{B6407EAB-08B8-4B84-98CF-55BF9FCF6EFF}.Release|iPhoneSimulator.Build.0 = Release|iPhoneSimulator
	EndGlobalSection
	GlobalSection(SolutionProperties) = preSolution
		HideSolutionNode = FALSE
	EndGlobalSection
	GlobalSection(ExtensibilityGlobals) = postSolution
		SolutionGuid = {F0E3FBE6-BBEC-484E-8919-A6CAF213E582}
	EndGlobalSection
EndGlobal
